
Microsoft Visual Studio Solution File, Format Version 12.00
# Visual Studio Version 16
VisualStudioVersion = 16.0.30204.135
MinimumVisualStudioVersion = 10.0.40219.1
Project("{9A19103F-16F7-4668-BE54-9A1E7A4F7556}") = "HomeWork4", "HomeWork4.csproj", "{9942869A-DE51-495A-A73E-820C31DB3C3A}"
EndProject
Global
	GlobalSection(SolutionConfigurationPlatforms) = preSolution
		Debug|Any CPU = Debug|Any CPU
		Release|Any CPU = Release|Any CPU
	EndGlobalSection
	GlobalSection(ProjectConfigurationPlatforms) = postSolution
		{9942869A-DE51-495A-A73E-820C31DB3C3A}.Debug|Any CPU.ActiveCfg = Debug|Any CPU
		{9942869A-DE51-495A-A73E-820C31DB3C3A}.Debug|Any CPU.Build.0 = Debug|Any CPU
		{9942869A-DE51-495A-A73E-820C31DB3C3A}.Release|Any CPU.ActiveCfg = Release|Any CPU
		{9942869A-DE51-495A-A73E-820C31DB3C3A}.Release|Any CPU.Build.0 = Release|Any CPU
	EndGlobalSection
	GlobalSection(SolutionProperties) = preSolution
		HideSolutionNode = FALSE
	EndGlobalSection
	GlobalSection(ExtensibilityGlobals) = postSolution
		SolutionGuid = {A6D0D35D-C841-4E03-BCD2-B5E1F90653A9}
	EndGlobalSection
EndGlobal
